# THIS IS AN AUTOGENERATED FILE. DO NOT EDIT THIS FILE DIRECTLY.
# yarn lockfile v1


"@frenchpastries/assemble@^0.1.1":
  version "0.1.1"
  resolved "https://registry.yarnpkg.com/@frenchpastries/assemble/-/assemble-0.1.1.tgz#94994842433b422d1c3b1ece20a3bc6dad02868e"
  integrity sha512-2G97PP5b0GdQtsVt24pkWGwsm13x16zZHJs+GScsH89d2HlSXO2z+R4jnP7S57gncAnn+cgjYDoS6tltFdvU6A==

"@frenchpastries/millefeuille@^0.1.6":
  version "0.1.6"
  resolved "https://registry.yarnpkg.com/@frenchpastries/millefeuille/-/millefeuille-0.1.6.tgz#0d742343785ac3ff29efccdc76a18e52588c6bbb"
  integrity sha512-3c8wsP2dhBDvlDnoIy3oYZq/hEXKJXX9EFQ8wckawyvfR/RoKdt20kaYdVr9+g6hGvyK8rU06+GpTw6JXnx9Yw==

dotenv@^6.2.0:
  version "6.2.0"
  resolved "https://registry.yarnpkg.com/dotenv/-/dotenv-6.2.0.tgz#941c0410535d942c8becf28d3f357dbd9d476064"
  integrity sha512-HygQCKUBSFl8wKQZBSemMywRWcEDNidvNbjGVyZu3nbZ8qq9ubiPoGLMdRDpfSrpkkm9BXYFkpKxxFX38o/76w==
